
Microsoft Visual Studio Solution File, Format Version 11.00
# Visual Studio 2010
Project("{FAE04EC0-301F-11D3-BF4B-00C04F79EFBC}") = "Assembly-CSharp", "Assembly-CSharp.csproj", "{A7E39186-013D-49A0-9861-DFE847A22279}"
EndProject
Project("{FAE04EC0-301F-11D3-BF4B-00C04F79EFBC}") = "Assembly-CSharp-Editor", "Assembly-CSharp-Editor.csproj", "{00A97041-EE82-E16B-96A1-13D74A83EE9B}"
EndProject
Global
	GlobalSection(SolutionConfigurationPlatforms) = preSolution
		Debug|Any CPU = Debug|Any CPU
		Release|Any CPU = Release|Any CPU
	EndGlobalSection
	GlobalSection(ProjectConfigurationPlatforms) = postSolution
		{A7E39186-013D-49A0-9861-DFE847A22279}.Debug|Any CPU.ActiveCfg = Debug|Any CPU
		{A7E39186-013D-49A0-9861-DFE847A22279}.Debug|Any CPU.Build.0 = Debug|Any CPU
		{A7E39186-013D-49A0-9861-DFE847A22279}.Release|Any CPU.ActiveCfg = Release|Any CPU
		{A7E39186-013D-49A0-9861-DFE847A22279}.Release|Any CPU.Build.0 = Release|Any CPU
		{00A97041-EE82-E16B-96A1-13D74A83EE9B}.Debug|Any CPU.ActiveCfg = Debug|Any CPU
		{00A97041-EE82-E16B-96A1-13D74A83EE9B}.Debug|Any CPU.Build.0 = Debug|Any CPU
		{00A97041-EE82-E16B-96A1-13D74A83EE9B}.Release|Any CPU.ActiveCfg = Release|Any CPU
		{00A97041-EE82-E16B-96A1-13D74A83EE9B}.Release|Any CPU.Build.0 = Release|Any CPU
	EndGlobalSection
	GlobalSection(SolutionProperties) = preSolution
		HideSolutionNode = FALSE
	EndGlobalSection
	GlobalSection(MonoDevelopProperties) = preSolution
		StartupItem = Assembly-CSharp.csproj
	EndGlobalSection
EndGlobal
